// !$*UTF8*$!
{
	archiveVersion = 1;
	classes = {
	};
	objectVersion = 46;
	objects = {

/* Begin PBXBuildFile section */
		322EA3C91C0E618D006C85F0 /* ItemCell.m in Sources */ = {isa = PBXBuildFile; fileRef = 322EA3C81C0E618D006C85F0 /* ItemCell.m */; };
		3235DD8C1C17B9C500A827B5 /* ItemViewController.m in Sources */ = {isa = PBXBuildFile; fileRef = 3235DD8B1C17B9C500A827B5 /* ItemViewController.m */; };
		32A7F1771C235A1400927CEA /* Signup2ViewController.m in Sources */ = {isa = PBXBuildFile; fileRef = 32A7F1761C235A1400927CEA /* Signup2ViewController.m */; };
		32F246EB1C111E5B009A456C /* bookmark.png in Resources */ = {isa = PBXBuildFile; fileRef = 32F246E81C111E5B009A456C /* bookmark.png */; };
		32F246EC1C111E5B009A456C /* calendar.png in Resources */ = {isa = PBXBuildFile; fileRef = 32F246E91C111E5B009A456C /* calendar.png */; };
		32F246ED1C111E5B009A456C /* map.png in Resources */ = {isa = PBXBuildFile; fileRef = 32F246EA1C111E5B009A456C /* map.png */; };
		9824B87BC85F435EEB237308 /* libPods.a in Frameworks */ = {isa = PBXBuildFile; fileRef = DBEDB9CBF5C4EF180338EAD0 /* libPods.a */; };
		D0BA1C941C23613E00A1030E /* behind_alert_view.png in Resources */ = {isa = PBXBuildFile; fileRef = D0BA1C931C23613D00A1030E /* behind_alert_view.png */; settings = {ASSET_TAGS = (); }; };
		E50D81001C0944D900B49536 /* SWRevealViewController.m in Sources */ = {isa = PBXBuildFile; fileRef = E50D80FF1C0944D900B49536 /* SWRevealViewController.m */; };
		E50D81031C0945EC00B49536 /* SettingsViewController.m in Sources */ = {isa = PBXBuildFile; fileRef = E50D81021C0945EC00B49536 /* SettingsViewController.m */; };
		E50D81061C09474100B49536 /* Main.storyboard in Resources */ = {isa = PBXBuildFile; fileRef = E50D81041C09474100B49536 /* Main.storyboard */; };
		E537AA2E1C0959A10055766E /* HelpViewController.m in Sources */ = {isa = PBXBuildFile; fileRef = E537AA2D1C0959A10055766E /* HelpViewController.m */; };
		E537AA311C095B470055766E /* TermsAndPrivacyViewController.m in Sources */ = {isa = PBXBuildFile; fileRef = E537AA301C095B470055766E /* TermsAndPrivacyViewController.m */; };
		E537AA341C0A53210055766E /* PostItemViewController.m in Sources */ = {isa = PBXBuildFile; fileRef = E537AA331C0A53210055766E /* PostItemViewController.m */; };
		E5A7A9F81C1A421C00A95319 /* SignupViewController.m in Sources */ = {isa = PBXBuildFile; fileRef = E5A7A9F71C1A421C00A95319 /* SignupViewController.m */; };
		E5A7A9FC1C1BA4FB00A95319 /* SigninViewController.m in Sources */ = {isa = PBXBuildFile; fileRef = E5A7A9FB1C1BA4FA00A95319 /* SigninViewController.m */; };
		E5AA68181C2248A000F88BA6 /* RoundOrangeButton.m in Sources */ = {isa = PBXBuildFile; fileRef = E5AA68171C2248A000F88BA6 /* RoundOrangeButton.m */; };
		E5AA681C1C22557700F88BA6 /* TransparentWhiteButton.m in Sources */ = {isa = PBXBuildFile; fileRef = E5AA681B1C22557700F88BA6 /* TransparentWhiteButton.m */; };
		E5AA681F1C22843700F88BA6 /* BidItemViewController.m in Sources */ = {isa = PBXBuildFile; fileRef = E5AA681E1C22843700F88BA6 /* BidItemViewController.m */; };
		E5AA684A1C22C29700F88BA6 /* Images.xcassets in Resources */ = {isa = PBXBuildFile; fileRef = E5AA68491C22C29700F88BA6 /* Images.xcassets */; };
		E5B33FC81C1FFEE6006E89D6 /* SearchViewController.m in Sources */ = {isa = PBXBuildFile; fileRef = E5B33FC71C1FFEE6006E89D6 /* SearchViewController.m */; };
		F4EECF12177C99F400778578 /* UIKit.framework in Frameworks */ = {isa = PBXBuildFile; fileRef = F4EECF11177C99F400778578 /* UIKit.framework */; };
		F4EECF14177C99F400778578 /* Foundation.framework in Frameworks */ = {isa = PBXBuildFile; fileRef = F4EECF13177C99F400778578 /* Foundation.framework */; };
		F4EECF16177C99F400778578 /* CoreGraphics.framework in Frameworks */ = {isa = PBXBuildFile; fileRef = F4EECF15177C99F400778578 /* CoreGraphics.framework */; };
		F4EECF1C177C99F400778578 /* InfoPlist.strings in Resources */ = {isa = PBXBuildFile; fileRef = F4EECF1A177C99F400778578 /* InfoPlist.strings */; };
		F4EECF1E177C99F400778578 /* main.m in Sources */ = {isa = PBXBuildFile; fileRef = F4EECF1D177C99F400778578 /* main.m */; };
		F4EECF22177C99F400778578 /* AppDelegate.m in Sources */ = {isa = PBXBuildFile; fileRef = F4EECF21177C99F400778578 /* AppDelegate.m */; };
		F4EECF24177C99F400778578 /* Default.png in Resources */ = {isa = PBXBuildFile; fileRef = F4EECF23177C99F400778578 /* Default.png */; };
		F4EECF26177C99F400778578 /* Default@2x.png in Resources */ = {isa = PBXBuildFile; fileRef = F4EECF25177C99F400778578 /* Default@2x.png */; };
		F4EECF28177C99F400778578 /* Default-568h@2x.png in Resources */ = {isa = PBXBuildFile; fileRef = F4EECF27177C99F400778578 /* Default-568h@2x.png */; };
		F4EECF2E177C99F400778578 /* MainViewController.m in Sources */ = {isa = PBXBuildFile; fileRef = F4EECF2D177C99F400778578 /* MainViewController.m */; };
		F4EECF4A177DF87700778578 /* SidebarViewController.m in Sources */ = {isa = PBXBuildFile; fileRef = F4EECF49177DF87700778578 /* SidebarViewController.m */; };
		F4EECF5B177F384900778578 /* bookmark.png in Resources */ = {isa = PBXBuildFile; fileRef = F4EECF54177F384900778578 /* bookmark.png */; };
		F4EECF5C177F384900778578 /* calendar.png in Resources */ = {isa = PBXBuildFile; fileRef = F4EECF55177F384900778578 /* calendar.png */; };
		F4EECF5D177F384900778578 /* comments.png in Resources */ = {isa = PBXBuildFile; fileRef = F4EECF56177F384900778578 /* comments.png */; };
		F4EECF5E177F384900778578 /* map.png in Resources */ = {isa = PBXBuildFile; fileRef = F4EECF57177F384900778578 /* map.png */; };
		F4EECF5F177F384900778578 /* news.png in Resources */ = {isa = PBXBuildFile; fileRef = F4EECF58177F384900778578 /* news.png */; };
		F4EECF60177F384900778578 /* photo.png in Resources */ = {isa = PBXBuildFile; fileRef = F4EECF59177F384900778578 /* photo.png */; };
		F4EECF61177F384900778578 /* wishlist.png in Resources */ = {isa = PBXBuildFile; fileRef = F4EECF5A177F384900778578 /* wishlist.png */; };
		F4EECF63177F3CAB00778578 /* tag.png in Resources */ = {isa = PBXBuildFile; fileRef = F4EECF62177F3CAB00778578 /* tag.png */; };
		F4EECF67177F4AB000778578 /* nav_bg.png in Resources */ = {isa = PBXBuildFile; fileRef = F4EECF65177F4AB000778578 /* nav_bg.png */; };
		F4EECF6A177F4C0200778578 /* menu.png in Resources */ = {isa = PBXBuildFile; fileRef = F4EECF68177F4C0200778578 /* menu.png */; };
		F4EECF6B177F4C0200778578 /* menu@2x.png in Resources */ = {isa = PBXBuildFile; fileRef = F4EECF69177F4C0200778578 /* menu@2x.png */; };
		F4EECF6E177FD51400778578 /* NotificationsViewController.m in Sources */ = {isa = PBXBuildFile; fileRef = F4EECF6D177FD51300778578 /* NotificationsViewController.m */; };
		F4EECF70177FE9B400778578 /* CoreLocation.framework in Frameworks */ = {isa = PBXBuildFile; fileRef = F4EECF6F177FE9B400778578 /* CoreLocation.framework */; };
		F4EECF72177FE9BA00778578 /* MapKit.framework in Frameworks */ = {isa = PBXBuildFile; fileRef = F4EECF71177FE9BA00778578 /* MapKit.framework */; };
		F4EECF75177FF90600778578 /* InventoryViewController.m in Sources */ = {isa = PBXBuildFile; fileRef = F4EECF74177FF90600778578 /* InventoryViewController.m */; };
		F4FE87FB1780081300CB3DA8 /* comments_photo.jpg in Resources */ = {isa = PBXBuildFile; fileRef = F4FE87F91780081300CB3DA8 /* comments_photo.jpg */; };
		F4FE87FC1780081300CB3DA8 /* wishlist_photo.jpg in Resources */ = {isa = PBXBuildFile; fileRef = F4FE87FA1780081300CB3DA8 /* wishlist_photo.jpg */; };
		F4FE87FF178010F000CB3DA8 /* bookmark_photo.jpg in Resources */ = {isa = PBXBuildFile; fileRef = F4FE87FD178010F000CB3DA8 /* bookmark_photo.jpg */; };
		F4FE8800178010F000CB3DA8 /* calendar_photo.jpg in Resources */ = {isa = PBXBuildFile; fileRef = F4FE87FE178010F000CB3DA8 /* calendar_photo.jpg */; };
		F4FE8802178010FA00CB3DA8 /* tag_photo.jpg in Resources */ = {isa = PBXBuildFile; fileRef = F4FE8801178010FA00CB3DA8 /* tag_photo.jpg */; };
/* End PBXBuildFile section */

/* Begin PBXFileReference section */
		2CDB29BA2A6CEB3F67904FE3 /* Pods.debug.xcconfig */ = {isa = PBXFileReference; includeInIndex = 1; lastKnownFileType = text.xcconfig; name = Pods.debug.xcconfig; path = "Pods/Target Support Files/Pods/Pods.debug.xcconfig"; sourceTree = "<group>"; };
		322EA3C71C0E618D006C85F0 /* ItemCell.h */ = {isa = PBXFileReference; fileEncoding = 4; lastKnownFileType = sourcecode.c.h; path = ItemCell.h; sourceTree = "<group>"; };
		322EA3C81C0E618D006C85F0 /* ItemCell.m */ = {isa = PBXFileReference; fileEncoding = 4; lastKnownFileType = sourcecode.c.objc; path = ItemCell.m; sourceTree = "<group>"; };
		3235DD8A1C17B9C500A827B5 /* ItemViewController.h */ = {isa = PBXFileReference; fileEncoding = 4; lastKnownFileType = sourcecode.c.h; path = ItemViewController.h; sourceTree = "<group>"; };
		3235DD8B1C17B9C500A827B5 /* ItemViewController.m */ = {isa = PBXFileReference; fileEncoding = 4; lastKnownFileType = sourcecode.c.objc; path = ItemViewController.m; sourceTree = "<group>"; };
		32A7F1751C235A1400927CEA /* Signup2ViewController.h */ = {isa = PBXFileReference; fileEncoding = 4; lastKnownFileType = sourcecode.c.h; path = Signup2ViewController.h; sourceTree = "<group>"; };
		32A7F1761C235A1400927CEA /* Signup2ViewController.m */ = {isa = PBXFileReference; fileEncoding = 4; lastKnownFileType = sourcecode.c.objc; path = Signup2ViewController.m; sourceTree = "<group>"; };
		32F246E81C111E5B009A456C /* bookmark.png */ = {isa = PBXFileReference; lastKnownFileType = image.png; name = bookmark.png; path = ../bookmark.png; sourceTree = "<group>"; };
		32F246E91C111E5B009A456C /* calendar.png */ = {isa = PBXFileReference; lastKnownFileType = image.png; name = calendar.png; path = ../calendar.png; sourceTree = "<group>"; };
		32F246EA1C111E5B009A456C /* map.png */ = {isa = PBXFileReference; lastKnownFileType = image.png; name = map.png; path = ../map.png; sourceTree = "<group>"; };
		98D8213549AE808DD4162B36 /* Pods.release.xcconfig */ = {isa = PBXFileReference; includeInIndex = 1; lastKnownFileType = text.xcconfig; name = Pods.release.xcconfig; path = "Pods/Target Support Files/Pods/Pods.release.xcconfig"; sourceTree = "<group>"; };
		D0BA1C931C23613D00A1030E /* behind_alert_view.png */ = {isa = PBXFileReference; lastKnownFileType = image.png; path = behind_alert_view.png; sourceTree = "<group>"; };
		DBEDB9CBF5C4EF180338EAD0 /* libPods.a */ = {isa = PBXFileReference; explicitFileType = archive.ar; includeInIndex = 0; path = libPods.a; sourceTree = BUILT_PRODUCTS_DIR; };
		E50D80FE1C0944D900B49536 /* SWRevealViewController.h */ = {isa = PBXFileReference; fileEncoding = 4; lastKnownFileType = sourcecode.c.h; name = SWRevealViewController.h; path = SWRevealViewController/SWRevealViewController.h; sourceTree = "<group>"; };
		E50D80FF1C0944D900B49536 /* SWRevealViewController.m */ = {isa = PBXFileReference; fileEncoding = 4; lastKnownFileType = sourcecode.c.objc; name = SWRevealViewController.m; path = SWRevealViewController/SWRevealViewController.m; sourceTree = "<group>"; };
		E50D81011C0945EC00B49536 /* SettingsViewController.h */ = {isa = PBXFileReference; fileEncoding = 4; lastKnownFileType = sourcecode.c.h; path = SettingsViewController.h; sourceTree = "<group>"; };
		E50D81021C0945EC00B49536 /* SettingsViewController.m */ = {isa = PBXFileReference; fileEncoding = 4; lastKnownFileType = sourcecode.c.objc; path = SettingsViewController.m; sourceTree = "<group>"; };
		E50D81051C09474100B49536 /* en */ = {isa = PBXFileReference; lastKnownFileType = file.storyboard; name = en; path = en.lproj/Main.storyboard; sourceTree = "<group>"; };
		E537AA2C1C0959A10055766E /* HelpViewController.h */ = {isa = PBXFileReference; fileEncoding = 4; lastKnownFileType = sourcecode.c.h; path = HelpViewController.h; sourceTree = "<group>"; };
		E537AA2D1C0959A10055766E /* HelpViewController.m */ = {isa = PBXFileReference; fileEncoding = 4; lastKnownFileType = sourcecode.c.objc; path = HelpViewController.m; sourceTree = "<group>"; };
		E537AA2F1C095B470055766E /* TermsAndPrivacyViewController.h */ = {isa = PBXFileReference; fileEncoding = 4; lastKnownFileType = sourcecode.c.h; path = TermsAndPrivacyViewController.h; sourceTree = "<group>"; };
		E537AA301C095B470055766E /* TermsAndPrivacyViewController.m */ = {isa = PBXFileReference; fileEncoding = 4; lastKnownFileType = sourcecode.c.objc; path = TermsAndPrivacyViewController.m; sourceTree = "<group>"; };
		E537AA321C0A53210055766E /* PostItemViewController.h */ = {isa = PBXFileReference; fileEncoding = 4; lastKnownFileType = sourcecode.c.h; path = PostItemViewController.h; sourceTree = "<group>"; };
		E537AA331C0A53210055766E /* PostItemViewController.m */ = {isa = PBXFileReference; fileEncoding = 4; lastKnownFileType = sourcecode.c.objc; path = PostItemViewController.m; sourceTree = "<group>"; };
		E5A7A9F61C1A421C00A95319 /* SignupViewController.h */ = {isa = PBXFileReference; fileEncoding = 4; lastKnownFileType = sourcecode.c.h; path = SignupViewController.h; sourceTree = "<group>"; };
		E5A7A9F71C1A421C00A95319 /* SignupViewController.m */ = {isa = PBXFileReference; fileEncoding = 4; lastKnownFileType = sourcecode.c.objc; path = SignupViewController.m; sourceTree = "<group>"; };
		E5A7A9FA1C1BA4FA00A95319 /* SigninViewController.h */ = {isa = PBXFileReference; fileEncoding = 4; lastKnownFileType = sourcecode.c.h; path = SigninViewController.h; sourceTree = "<group>"; };
		E5A7A9FB1C1BA4FA00A95319 /* SigninViewController.m */ = {isa = PBXFileReference; fileEncoding = 4; lastKnownFileType = sourcecode.c.objc; path = SigninViewController.m; sourceTree = "<group>"; };
		E5AA68161C2248A000F88BA6 /* RoundOrangeButton.h */ = {isa = PBXFileReference; fileEncoding = 4; lastKnownFileType = sourcecode.c.h; path = RoundOrangeButton.h; sourceTree = "<group>"; };
		E5AA68171C2248A000F88BA6 /* RoundOrangeButton.m */ = {isa = PBXFileReference; fileEncoding = 4; lastKnownFileType = sourcecode.c.objc; path = RoundOrangeButton.m; sourceTree = "<group>"; };
		E5AA681A1C22557700F88BA6 /* TransparentWhiteButton.h */ = {isa = PBXFileReference; fileEncoding = 4; lastKnownFileType = sourcecode.c.h; path = TransparentWhiteButton.h; sourceTree = "<group>"; };
		E5AA681B1C22557700F88BA6 /* TransparentWhiteButton.m */ = {isa = PBXFileReference; fileEncoding = 4; lastKnownFileType = sourcecode.c.objc; path = TransparentWhiteButton.m; sourceTree = "<group>"; };
		E5AA681D1C22843700F88BA6 /* BidItemViewController.h */ = {isa = PBXFileReference; fileEncoding = 4; lastKnownFileType = sourcecode.c.h; path = BidItemViewController.h; sourceTree = "<group>"; };
		E5AA681E1C22843700F88BA6 /* BidItemViewController.m */ = {isa = PBXFileReference; fileEncoding = 4; lastKnownFileType = sourcecode.c.objc; path = BidItemViewController.m; sourceTree = "<group>"; };
		E5AA68491C22C29700F88BA6 /* Images.xcassets */ = {isa = PBXFileReference; lastKnownFileType = folder.assetcatalog; path = Images.xcassets; sourceTree = "<group>"; };
		E5B33FC61C1FFEE6006E89D6 /* SearchViewController.h */ = {isa = PBXFileReference; fileEncoding = 4; lastKnownFileType = sourcecode.c.h; path = SearchViewController.h; sourceTree = "<group>"; };
		E5B33FC71C1FFEE6006E89D6 /* SearchViewController.m */ = {isa = PBXFileReference; fileEncoding = 4; lastKnownFileType = sourcecode.c.objc; path = SearchViewController.m; sourceTree = "<group>"; };
		F4EECF0E177C99F400778578 /* Pass.app */ = {isa = PBXFileReference; explicitFileType = wrapper.application; includeInIndex = 0; path = Pass.app; sourceTree = BUILT_PRODUCTS_DIR; };
		F4EECF11177C99F400778578 /* UIKit.framework */ = {isa = PBXFileReference; lastKnownFileType = wrapper.framework; name = UIKit.framework; path = System/Library/Frameworks/UIKit.framework; sourceTree = SDKROOT; };
		F4EECF13177C99F400778578 /* Foundation.framework */ = {isa = PBXFileReference; lastKnownFileType = wrapper.framework; name = Foundation.framework; path = System/Library/Frameworks/Foundation.framework; sourceTree = SDKROOT; };
		F4EECF15177C99F400778578 /* CoreGraphics.framework */ = {isa = PBXFileReference; lastKnownFileType = wrapper.framework; name = CoreGraphics.framework; path = System/Library/Frameworks/CoreGraphics.framework; sourceTree = SDKROOT; };
		F4EECF19177C99F400778578 /* Pass-Info.plist */ = {isa = PBXFileReference; lastKnownFileType = text.plist.xml; path = "Pass-Info.plist"; sourceTree = "<group>"; };
		F4EECF1B177C99F400778578 /* en */ = {isa = PBXFileReference; lastKnownFileType = text.plist.strings; name = en; path = en.lproj/InfoPlist.strings; sourceTree = "<group>"; };
		F4EECF1D177C99F400778578 /* main.m */ = {isa = PBXFileReference; lastKnownFileType = sourcecode.c.objc; path = main.m; sourceTree = "<group>"; };
		F4EECF1F177C99F400778578 /* Pass-Prefix.pch */ = {isa = PBXFileReference; lastKnownFileType = sourcecode.c.h; path = "Pass-Prefix.pch"; sourceTree = "<group>"; };
		F4EECF20177C99F400778578 /* AppDelegate.h */ = {isa = PBXFileReference; lastKnownFileType = sourcecode.c.h; path = AppDelegate.h; sourceTree = "<group>"; };
		F4EECF21177C99F400778578 /* AppDelegate.m */ = {isa = PBXFileReference; lastKnownFileType = sourcecode.c.objc; path = AppDelegate.m; sourceTree = "<group>"; };
		F4EECF23177C99F400778578 /* Default.png */ = {isa = PBXFileReference; lastKnownFileType = image.png; path = Default.png; sourceTree = "<group>"; };
		F4EECF25177C99F400778578 /* Default@2x.png */ = {isa = PBXFileReference; lastKnownFileType = image.png; path = "Default@2x.png"; sourceTree = "<group>"; };
		F4EECF27177C99F400778578 /* Default-568h@2x.png */ = {isa = PBXFileReference; lastKnownFileType = image.png; path = "Default-568h@2x.png"; sourceTree = "<group>"; };
		F4EECF2C177C99F400778578 /* MainViewController.h */ = {isa = PBXFileReference; lastKnownFileType = sourcecode.c.h; path = MainViewController.h; sourceTree = "<group>"; };
		F4EECF2D177C99F400778578 /* MainViewController.m */ = {isa = PBXFileReference; lastKnownFileType = sourcecode.c.objc; path = MainViewController.m; sourceTree = "<group>"; };
		F4EECF48177DF87700778578 /* SidebarViewController.h */ = {isa = PBXFileReference; fileEncoding = 4; lastKnownFileType = sourcecode.c.h; path = SidebarViewController.h; sourceTree = "<group>"; };
		F4EECF49177DF87700778578 /* SidebarViewController.m */ = {isa = PBXFileReference; fileEncoding = 4; lastKnownFileType = sourcecode.c.objc; path = SidebarViewController.m; sourceTree = "<group>"; };
		F4EECF54177F384900778578 /* bookmark.png */ = {isa = PBXFileReference; lastKnownFileType = image.png; path = bookmark.png; sourceTree = "<group>"; };
		F4EECF55177F384900778578 /* calendar.png */ = {isa = PBXFileReference; lastKnownFileType = image.png; path = calendar.png; sourceTree = "<group>"; };
		F4EECF56177F384900778578 /* comments.png */ = {isa = PBXFileReference; lastKnownFileType = image.png; path = comments.png; sourceTree = "<group>"; };
		F4EECF57177F384900778578 /* map.png */ = {isa = PBXFileReference; lastKnownFileType = image.png; path = map.png; sourceTree = "<group>"; };
		F4EECF58177F384900778578 /* news.png */ = {isa = PBXFileReference; lastKnownFileType = image.png; path = news.png; sourceTree = "<group>"; };
		F4EECF59177F384900778578 /* photo.png */ = {isa = PBXFileReference; lastKnownFileType = image.png; path = photo.png; sourceTree = "<group>"; };
		F4EECF5A177F384900778578 /* wishlist.png */ = {isa = PBXFileReference; lastKnownFileType = image.png; path = wishlist.png; sourceTree = "<group>"; };
		F4EECF62177F3CAB00778578 /* tag.png */ = {isa = PBXFileReference; lastKnownFileType = image.png; path = tag.png; sourceTree = "<group>"; };
		F4EECF65177F4AB000778578 /* nav_bg.png */ = {isa = PBXFileReference; lastKnownFileType = image.png; path = nav_bg.png; sourceTree = "<group>"; };
		F4EECF68177F4C0200778578 /* menu.png */ = {isa = PBXFileReference; lastKnownFileType = image.png; path = menu.png; sourceTree = "<group>"; };
		F4EECF69177F4C0200778578 /* menu@2x.png */ = {isa = PBXFileReference; lastKnownFileType = image.png; path = "menu@2x.png"; sourceTree = "<group>"; };
		F4EECF6C177FD51300778578 /* NotificationsViewController.h */ = {isa = PBXFileReference; fileEncoding = 4; lastKnownFileType = sourcecode.c.h; path = NotificationsViewController.h; sourceTree = "<group>"; };
		F4EECF6D177FD51300778578 /* NotificationsViewController.m */ = {isa = PBXFileReference; fileEncoding = 4; lastKnownFileType = sourcecode.c.objc; path = NotificationsViewController.m; sourceTree = "<group>"; };
		F4EECF6F177FE9B400778578 /* CoreLocation.framework */ = {isa = PBXFileReference; lastKnownFileType = wrapper.framework; name = CoreLocation.framework; path = System/Library/Frameworks/CoreLocation.framework; sourceTree = SDKROOT; };
		F4EECF71177FE9BA00778578 /* MapKit.framework */ = {isa = PBXFileReference; lastKnownFileType = wrapper.framework; name = MapKit.framework; path = System/Library/Frameworks/MapKit.framework; sourceTree = SDKROOT; };
		F4EECF73177FF90500778578 /* InventoryViewController.h */ = {isa = PBXFileReference; fileEncoding = 4; lastKnownFileType = sourcecode.c.h; path = InventoryViewController.h; sourceTree = "<group>"; };
		F4EECF74177FF90600778578 /* InventoryViewController.m */ = {isa = PBXFileReference; fileEncoding = 4; lastKnownFileType = sourcecode.c.objc; path = InventoryViewController.m; sourceTree = "<group>"; };
		F4FE87F91780081300CB3DA8 /* comments_photo.jpg */ = {isa = PBXFileReference; lastKnownFileType = image.jpeg; path = comments_photo.jpg; sourceTree = "<group>"; };
		F4FE87FA1780081300CB3DA8 /* wishlist_photo.jpg */ = {isa = PBXFileReference; lastKnownFileType = image.jpeg; path = wishlist_photo.jpg; sourceTree = "<group>"; };
		F4FE87FD178010F000CB3DA8 /* bookmark_photo.jpg */ = {isa = PBXFileReference; lastKnownFileType = image.jpeg; path = bookmark_photo.jpg; sourceTree = "<group>"; };
		F4FE87FE178010F000CB3DA8 /* calendar_photo.jpg */ = {isa = PBXFileReference; lastKnownFileType = image.jpeg; path = calendar_photo.jpg; sourceTree = "<group>"; };
		F4FE8801178010FA00CB3DA8 /* tag_photo.jpg */ = {isa = PBXFileReference; lastKnownFileType = image.jpeg; path = tag_photo.jpg; sourceTree = "<group>"; };
/* End PBXFileReference section */

/* Begin PBXFrameworksBuildPhase section */
		F4EECF0B177C99F400778578 /* Frameworks */ = {
			isa = PBXFrameworksBuildPhase;
			buildActionMask = 2147483647;
			files = (
				F4EECF72177FE9BA00778578 /* MapKit.framework in Frameworks */,
				F4EECF70177FE9B400778578 /* CoreLocation.framework in Frameworks */,
				F4EECF12177C99F400778578 /* UIKit.framework in Frameworks */,
				F4EECF14177C99F400778578 /* Foundation.framework in Frameworks */,
				F4EECF16177C99F400778578 /* CoreGraphics.framework in Frameworks */,
				9824B87BC85F435EEB237308 /* libPods.a in Frameworks */,
			);
			runOnlyForDeploymentPostprocessing = 0;
		};
/* End PBXFrameworksBuildPhase section */

/* Begin PBXGroup section */
		8B98E8EF84F2C6AF825F11A8 /* Pods */ = {
			isa = PBXGroup;
			children = (
				2CDB29BA2A6CEB3F67904FE3 /* Pods.debug.xcconfig */,
				98D8213549AE808DD4162B36 /* Pods.release.xcconfig */,
			);
			name = Pods;
			sourceTree = "<group>";
		};
		E5A7A9F91C1A425700A95319 /* User Authentication */ = {
			isa = PBXGroup;
			children = (
				E5A7A9FA1C1BA4FA00A95319 /* SigninViewController.h */,
				E5A7A9FB1C1BA4FA00A95319 /* SigninViewController.m */,
				E5A7A9F61C1A421C00A95319 /* SignupViewController.h */,
				E5A7A9F71C1A421C00A95319 /* SignupViewController.m */,
				32A7F1751C235A1400927CEA /* Signup2ViewController.h */,
				32A7F1761C235A1400927CEA /* Signup2ViewController.m */,
			);
			name = "User Authentication";
			sourceTree = "<group>";
		};
		E5A7A9FD1C1BB27100A95319 /* Sidebar */ = {
			isa = PBXGroup;
			children = (
				F4EECF48177DF87700778578 /* SidebarViewController.h */,
				F4EECF49177DF87700778578 /* SidebarViewController.m */,
				E50D80FE1C0944D900B49536 /* SWRevealViewController.h */,
				E50D80FF1C0944D900B49536 /* SWRevealViewController.m */,
			);
			name = Sidebar;
			sourceTree = "<group>";
		};
		E5AA68191C224A6D00F88BA6 /* Custom Classes */ = {
			isa = PBXGroup;
			children = (
				E5AA68161C2248A000F88BA6 /* RoundOrangeButton.h */,
				E5AA68171C2248A000F88BA6 /* RoundOrangeButton.m */,
				E5AA681A1C22557700F88BA6 /* TransparentWhiteButton.h */,
				E5AA681B1C22557700F88BA6 /* TransparentWhiteButton.m */,
			);
			name = "Custom Classes";
			sourceTree = "<group>";
		};
		E5B33FC51C1FFE08006E89D6 /* Sidebar Destinations */ = {
			isa = PBXGroup;
			children = (
				F4EECF6C177FD51300778578 /* NotificationsViewController.h */,
				F4EECF6D177FD51300778578 /* NotificationsViewController.m */,
				F4EECF73177FF90500778578 /* InventoryViewController.h */,
				F4EECF74177FF90600778578 /* InventoryViewController.m */,
				E50D81011C0945EC00B49536 /* SettingsViewController.h */,
				E50D81021C0945EC00B49536 /* SettingsViewController.m */,
				E537AA2C1C0959A10055766E /* HelpViewController.h */,
				E537AA2D1C0959A10055766E /* HelpViewController.m */,
				E537AA2F1C095B470055766E /* TermsAndPrivacyViewController.h */,
				E537AA301C095B470055766E /* TermsAndPrivacyViewController.m */,
			);
			name = "Sidebar Destinations";
			sourceTree = "<group>";
		};
		E5B33FD21C20B879006E89D6 /* Items */ = {
			isa = PBXGroup;
			children = (
				322EA3C71C0E618D006C85F0 /* ItemCell.h */,
				322EA3C81C0E618D006C85F0 /* ItemCell.m */,
				3235DD8A1C17B9C500A827B5 /* ItemViewController.h */,
				3235DD8B1C17B9C500A827B5 /* ItemViewController.m */,
				E537AA321C0A53210055766E /* PostItemViewController.h */,
				E537AA331C0A53210055766E /* PostItemViewController.m */,
				E5AA681D1C22843700F88BA6 /* BidItemViewController.h */,
				E5AA681E1C22843700F88BA6 /* BidItemViewController.m */,
			);
			name = Items;
			sourceTree = "<group>";
		};
		F4EECF05177C99F400778578 = {
			isa = PBXGroup;
			children = (
				F4EECF17177C99F400778578 /* Pass */,
				F4EECF10177C99F400778578 /* Frameworks */,
				F4EECF0F177C99F400778578 /* Products */,
				8B98E8EF84F2C6AF825F11A8 /* Pods */,
			);
			sourceTree = "<group>";
		};
		F4EECF0F177C99F400778578 /* Products */ = {
			isa = PBXGroup;
			children = (
				F4EECF0E177C99F400778578 /* Pass.app */,
			);
			name = Products;
			sourceTree = "<group>";
		};
		F4EECF10177C99F400778578 /* Frameworks */ = {
			isa = PBXGroup;
			children = (
				F4EECF6F177FE9B400778578 /* CoreLocation.framework */,
				F4EECF71177FE9BA00778578 /* MapKit.framework */,
				F4EECF11177C99F400778578 /* UIKit.framework */,
				F4EECF13177C99F400778578 /* Foundation.framework */,
				F4EECF15177C99F400778578 /* CoreGraphics.framework */,
				DBEDB9CBF5C4EF180338EAD0 /* libPods.a */,
			);
			name = Frameworks;
			sourceTree = "<group>";
		};
		F4EECF17177C99F400778578 /* Pass */ = {
			isa = PBXGroup;
			children = (
				E5A7A9F91C1A425700A95319 /* User Authentication */,
				E5A7A9FD1C1BB27100A95319 /* Sidebar */,
				E5B33FC51C1FFE08006E89D6 /* Sidebar Destinations */,
				E5AA68191C224A6D00F88BA6 /* Custom Classes */,
				E5B33FD21C20B879006E89D6 /* Items */,
				E50D81041C09474100B49536 /* Main.storyboard */,
				D0BA1C931C23613D00A1030E /* behind_alert_view.png */,
				32F246E81C111E5B009A456C /* bookmark.png */,
				32F246E91C111E5B009A456C /* calendar.png */,
				32F246EA1C111E5B009A456C /* map.png */,
				F4EECF20177C99F400778578 /* AppDelegate.h */,
				F4EECF21177C99F400778578 /* AppDelegate.m */,
				F4EECF2C177C99F400778578 /* MainViewController.h */,
				F4EECF2D177C99F400778578 /* MainViewController.m */,
				E5B33FC61C1FFEE6006E89D6 /* SearchViewController.h */,
				E5B33FC71C1FFEE6006E89D6 /* SearchViewController.m */,
				E5AA68491C22C29700F88BA6 /* Images.xcassets */,
				F4EECF34177C9A1E00778578 /* Library */,
				F4EECF18177C99F400778578 /* Supporting Files */,
			);
			path = Pass;
			sourceTree = "<group>";
		};
		F4EECF18177C99F400778578 /* Supporting Files */ = {
			isa = PBXGroup;
			children = (
				F4EECF53177F37CB00778578 /* Images */,
				F4EECF19177C99F400778578 /* Pass-Info.plist */,
				F4EECF1A177C99F400778578 /* InfoPlist.strings */,
				F4EECF1D177C99F400778578 /* main.m */,
				F4EECF1F177C99F400778578 /* Pass-Prefix.pch */,
				F4EECF23177C99F400778578 /* Default.png */,
				F4EECF25177C99F400778578 /* Default@2x.png */,
				F4EECF27177C99F400778578 /* Default-568h@2x.png */,
			);
			name = "Supporting Files";
			sourceTree = "<group>";
		};
		F4EECF34177C9A1E00778578 /* Library */ = {
			isa = PBXGroup;
			children = (
			);
			name = Library;
			sourceTree = "<group>";
		};
		F4EECF53177F37CB00778578 /* Images */ = {
			isa = PBXGroup;
			children = (
				F4FE87F91780081300CB3DA8 /* comments_photo.jpg */,
				F4FE87FD178010F000CB3DA8 /* bookmark_photo.jpg */,
				F4FE8801178010FA00CB3DA8 /* tag_photo.jpg */,
				F4FE87FE178010F000CB3DA8 /* calendar_photo.jpg */,
				F4FE87FA1780081300CB3DA8 /* wishlist_photo.jpg */,
				F4EECF68177F4C0200778578 /* menu.png */,
				F4EECF69177F4C0200778578 /* menu@2x.png */,
				F4EECF65177F4AB000778578 /* nav_bg.png */,
				F4EECF54177F384900778578 /* bookmark.png */,
				F4EECF55177F384900778578 /* calendar.png */,
				F4EECF56177F384900778578 /* comments.png */,
				F4EECF57177F384900778578 /* map.png */,
				F4EECF58177F384900778578 /* news.png */,
				F4EECF59177F384900778578 /* photo.png */,
				F4EECF62177F3CAB00778578 /* tag.png */,
				F4EECF5A177F384900778578 /* wishlist.png */,
			);
			name = Images;
			sourceTree = "<group>";
		};
/* End PBXGroup section */

/* Begin PBXNativeTarget section */
		F4EECF0D177C99F400778578 /* Pass */ = {
			isa = PBXNativeTarget;
			buildConfigurationList = F4EECF31177C99F400778578 /* Build configuration list for PBXNativeTarget "Pass" */;
			buildPhases = (
				F42B254E3EAF17317FF5E083 /* Check Pods Manifest.lock */,
				F4EECF0A177C99F400778578 /* Sources */,
				F4EECF0B177C99F400778578 /* Frameworks */,
				F4EECF0C177C99F400778578 /* Resources */,
				FE67B7DE7506B43CA436B491 /* Embed Pods Frameworks */,
				C5B6681A78D3D76D4A9D7486 /* Copy Pods Resources */,
			);
			buildRules = (
			);
			dependencies = (
			);
			name = Pass;
			productName = SidebarDemo;
			productReference = F4EECF0E177C99F400778578 /* Pass.app */;
			productType = "com.apple.product-type.application";
		};
/* End PBXNativeTarget section */

/* Begin PBXProject section */
		F4EECF06177C99F400778578 /* Project object */ = {
			isa = PBXProject;
			attributes = {
				LastUpgradeCheck = 0460;
				ORGANIZATIONNAME = NYU;
				TargetAttributes = {
					F4EECF0D177C99F400778578 = {
						DevelopmentTeam = QEC653S2P4;
					};
				};
			};
			buildConfigurationList = F4EECF09177C99F400778578 /* Build configuration list for PBXProject "Pass" */;
			compatibilityVersion = "Xcode 3.2";
			developmentRegion = English;
			hasScannedForEncodings = 0;
			knownRegions = (
				en,
			);
			mainGroup = F4EECF05177C99F400778578;
			productRefGroup = F4EECF0F177C99F400778578 /* Products */;
			projectDirPath = "";
			projectRoot = "";
			targets = (
				F4EECF0D177C99F400778578 /* Pass */,
			);
		};
/* End PBXProject section */

/* Begin PBXResourcesBuildPhase section */
		F4EECF0C177C99F400778578 /* Resources */ = {
			isa = PBXResourcesBuildPhase;
			buildActionMask = 2147483647;
			files = (
				32F246ED1C111E5B009A456C /* map.png in Resources */,
				32F246EC1C111E5B009A456C /* calendar.png in Resources */,
				F4EECF1C177C99F400778578 /* InfoPlist.strings in Resources */,
				F4EECF24177C99F400778578 /* Default.png in Resources */,
				F4EECF26177C99F400778578 /* Default@2x.png in Resources */,
				F4EECF28177C99F400778578 /* Default-568h@2x.png in Resources */,
				E50D81061C09474100B49536 /* Main.storyboard in Resources */,
				D0BA1C941C23613E00A1030E /* behind_alert_view.png in Resources */,
				F4EECF5B177F384900778578 /* bookmark.png in Resources */,
				F4EECF5C177F384900778578 /* calendar.png in Resources */,
				F4EECF5D177F384900778578 /* comments.png in Resources */,
				F4EECF5E177F384900778578 /* map.png in Resources */,
				F4EECF5F177F384900778578 /* news.png in Resources */,
				F4EECF60177F384900778578 /* photo.png in Resources */,
				32F246EB1C111E5B009A456C /* bookmark.png in Resources */,
				F4EECF61177F384900778578 /* wishlist.png in Resources */,
				F4EECF63177F3CAB00778578 /* tag.png in Resources */,
				F4EECF67177F4AB000778578 /* nav_bg.png in Resources */,
				F4EECF6A177F4C0200778578 /* menu.png in Resources */,
				F4EECF6B177F4C0200778578 /* menu@2x.png in Resources */,
				F4FE87FB1780081300CB3DA8 /* comments_photo.jpg in Resources */,
				E5AA684A1C22C29700F88BA6 /* Images.xcassets in Resources */,
				F4FE87FC1780081300CB3DA8 /* wishlist_photo.jpg in Resources */,
				F4FE87FF178010F000CB3DA8 /* bookmark_photo.jpg in Resources */,
				F4FE8800178010F000CB3DA8 /* calendar_photo.jpg in Resources */,
				F4FE8802178010FA00CB3DA8 /* tag_photo.jpg in Resources */,
			);
			runOnlyForDeploymentPostprocessing = 0;
		};
/* End PBXResourcesBuildPhase section */

/* Begin PBXShellScriptBuildPhase section */
		C5B6681A78D3D76D4A9D7486 /* Copy Pods Resources */ = {
			isa = PBXShellScriptBuildPhase;
			buildActionMask = 2147483647;
			files = (
			);
			inputPaths = (
			);
			name = "Copy Pods Resources";
			outputPaths = (
			);
			runOnlyForDeploymentPostprocessing = 0;
			shellPath = /bin/sh;
			shellScript = "\"${SRCROOT}/Pods/Target Support Files/Pods/Pods-resources.sh\"\n";
			showEnvVarsInLog = 0;
		};
		F42B254E3EAF17317FF5E083 /* Check Pods Manifest.lock */ = {
			isa = PBXShellScriptBuildPhase;
			buildActionMask = 2147483647;
			files = (
			);
			inputPaths = (
			);
			name = "Check Pods Manifest.lock";
			outputPaths = (
			);
			runOnlyForDeploymentPostprocessing = 0;
			shellPath = /bin/sh;
			shellScript = "diff \"${PODS_ROOT}/../Podfile.lock\" \"${PODS_ROOT}/Manifest.lock\" > /dev/null\nif [[ $? != 0 ]] ; then\n    cat << EOM\nerror: The sandbox is not in sync with the Podfile.lock. Run 'pod install' or update your CocoaPods installation.\nEOM\n    exit 1\nfi\n";
			showEnvVarsInLog = 0;
		};
		FE67B7DE7506B43CA436B491 /* Embed Pods Frameworks */ = {
			isa = PBXShellScriptBuildPhase;
			buildActionMask = 2147483647;
			files = (
			);
			inputPaths = (
			);
			name = "Embed Pods Frameworks";
			outputPaths = (
			);
			runOnlyForDeploymentPostprocessing = 0;
			shellPath = /bin/sh;
			shellScript = "\"${SRCROOT}/Pods/Target Support Files/Pods/Pods-frameworks.sh\"\n";
			showEnvVarsInLog = 0;
		};
/* End PBXShellScriptBuildPhase section */

/* Begin PBXSourcesBuildPhase section */
		F4EECF0A177C99F400778578 /* Sources */ = {
			isa = PBXSourcesBuildPhase;
			buildActionMask = 2147483647;
			files = (
				E5AA681C1C22557700F88BA6 /* TransparentWhiteButton.m in Sources */,
				32A7F1771C235A1400927CEA /* Signup2ViewController.m in Sources */,
				322EA3C91C0E618D006C85F0 /* ItemCell.m in Sources */,
				3235DD8C1C17B9C500A827B5 /* ItemViewController.m in Sources */,
				E50D81001C0944D900B49536 /* SWRevealViewController.m in Sources */,
				F4EECF1E177C99F400778578 /* main.m in Sources */,
				F4EECF22177C99F400778578 /* AppDelegate.m in Sources */,
				E5AA68181C2248A000F88BA6 /* RoundOrangeButton.m in Sources */,
				E537AA311C095B470055766E /* TermsAndPrivacyViewController.m in Sources */,
				E5B33FC81C1FFEE6006E89D6 /* SearchViewController.m in Sources */,
				E50D81031C0945EC00B49536 /* SettingsViewController.m in Sources */,
				F4EECF2E177C99F400778578 /* MainViewController.m in Sources */,
				E5A7A9FC1C1BA4FB00A95319 /* SigninViewController.m in Sources */,
				E5A7A9F81C1A421C00A95319 /* SignupViewController.m in Sources */,
				F4EECF4A177DF87700778578 /* SidebarViewController.m in Sources */,
				F4EECF6E177FD51400778578 /* NotificationsViewController.m in Sources */,
				E5AA681F1C22843700F88BA6 /* BidItemViewController.m in Sources */,
				E537AA2E1C0959A10055766E /* HelpViewController.m in Sources */,
				E537AA341C0A53210055766E /* PostItemViewController.m in Sources */,
				F4EECF75177FF90600778578 /* InventoryViewController.m in Sources */,
			);
			runOnlyForDeploymentPostprocessing = 0;
		};
/* End PBXSourcesBuildPhase section */

/* Begin PBXVariantGroup section */
		E50D81041C09474100B49536 /* Main.storyboard */ = {
			isa = PBXVariantGroup;
			children = (
				E50D81051C09474100B49536 /* en */,
			);
			name = Main.storyboard;
			sourceTree = "<group>";
		};
		F4EECF1A177C99F400778578 /* InfoPlist.strings */ = {
			isa = PBXVariantGroup;
			children = (
				F4EECF1B177C99F400778578 /* en */,
			);
			name = InfoPlist.strings;
			sourceTree = "<group>";
		};
/* End PBXVariantGroup section */

/* Begin XCBuildConfiguration section */
		F4EECF2F177C99F400778578 /* Debug */ = {
			isa = XCBuildConfiguration;
			buildSettings = {
				ALWAYS_SEARCH_USER_PATHS = NO;
				CLANG_CXX_LANGUAGE_STANDARD = "gnu++0x";
				CLANG_CXX_LIBRARY = "libc++";
				CLANG_ENABLE_OBJC_ARC = YES;
				CLANG_WARN_CONSTANT_CONVERSION = YES;
				CLANG_WARN_EMPTY_BODY = YES;
				CLANG_WARN_ENUM_CONVERSION = YES;
				CLANG_WARN_INT_CONVERSION = YES;
				CLANG_WARN__DUPLICATE_METHOD_MATCH = YES;
				"CODE_SIGN_IDENTITY[sdk=iphoneos*]" = "iPhone Developer";
				COPY_PHASE_STRIP = NO;
				GCC_C_LANGUAGE_STANDARD = gnu99;
				GCC_DYNAMIC_NO_PIC = NO;
				GCC_OPTIMIZATION_LEVEL = 0;
				GCC_PREPROCESSOR_DEFINITIONS = (
					"DEBUG=1",
					"$(inherited)",
				);
				GCC_SYMBOLS_PRIVATE_EXTERN = NO;
				GCC_WARN_ABOUT_RETURN_TYPE = YES;
				GCC_WARN_UNINITIALIZED_AUTOS = YES;
				GCC_WARN_UNUSED_VARIABLE = YES;
				IPHONEOS_DEPLOYMENT_TARGET = 7.0;
				ONLY_ACTIVE_ARCH = YES;
				SDKROOT = iphoneos;
			};
			name = Debug;
		};
		F4EECF30177C99F400778578 /* Release */ = {
			isa = XCBuildConfiguration;
			buildSettings = {
				ALWAYS_SEARCH_USER_PATHS = NO;
				CLANG_CXX_LANGUAGE_STANDARD = "gnu++0x";
				CLANG_CXX_LIBRARY = "libc++";
				CLANG_ENABLE_OBJC_ARC = YES;
				CLANG_WARN_CONSTANT_CONVERSION = YES;
				CLANG_WARN_EMPTY_BODY = YES;
				CLANG_WARN_ENUM_CONVERSION = YES;
				CLANG_WARN_INT_CONVERSION = YES;
				CLANG_WARN__DUPLICATE_METHOD_MATCH = YES;
				"CODE_SIGN_IDENTITY[sdk=iphoneos*]" = "iPhone Developer";
				COPY_PHASE_STRIP = YES;
				GCC_C_LANGUAGE_STANDARD = gnu99;
				GCC_WARN_ABOUT_RETURN_TYPE = YES;
				GCC_WARN_UNINITIALIZED_AUTOS = YES;
				GCC_WARN_UNUSED_VARIABLE = YES;
				IPHONEOS_DEPLOYMENT_TARGET = 7.0;
				OTHER_CFLAGS = "-DNS_BLOCK_ASSERTIONS=1";
				SDKROOT = iphoneos;
				VALIDATE_PRODUCT = YES;
			};
			name = Release;
		};
		F4EECF32177C99F400778578 /* Debug */ = {
			isa = XCBuildConfiguration;
			baseConfigurationReference = 2CDB29BA2A6CEB3F67904FE3 /* Pods.debug.xcconfig */;
			buildSettings = {
				ASSETCATALOG_COMPILER_APPICON_NAME = AppIcon;
				CODE_SIGN_IDENTITY = "iPhone Developer";
				"CODE_SIGN_IDENTITY[sdk=iphoneos*]" = "iPhone Developer";
				GCC_PRECOMPILE_PREFIX_HEADER = YES;
				GCC_PREFIX_HEADER = "Pass/Pass-Prefix.pch";
				INFOPLIST_FILE = "Pass/Pass-Info.plist";
				IPHONEOS_DEPLOYMENT_TARGET = 7.0;
				PRODUCT_BUNDLE_IDENTIFIER = com.NYU;
				PRODUCT_NAME = Pass;
				PROVISIONING_PROFILE = "";
				"PROVISIONING_PROFILE[sdk=*]" = "";
				WRAPPER_EXTENSION = app;
			};
			name = Debug;
		};
		F4EECF33177C99F400778578 /* Release */ = {
			isa = XCBuildConfiguration;
			baseConfigurationReference = 98D8213549AE808DD4162B36 /* Pods.release.xcconfig */;
			buildSettings = {
				ASSETCATALOG_COMPILER_APPICON_NAME = AppIcon;
				CODE_SIGN_IDENTITY = "iPhone Developer";
				"CODE_SIGN_IDENTITY[sdk=iphoneos*]" = "iPhone Developer";
				GCC_PRECOMPILE_PREFIX_HEADER = YES;
				GCC_PREFIX_HEADER = "Pass/Pass-Prefix.pch";
				INFOPLIST_FILE = "Pass/Pass-Info.plist";
				IPHONEOS_DEPLOYMENT_TARGET = 7.0;
				PRODUCT_BUNDLE_IDENTIFIER = com.NYU;
				PRODUCT_NAME = Pass;
				PROVISIONING_PROFILE = "";
				"PROVISIONING_PROFILE[sdk=*]" = "";
				WRAPPER_EXTENSION = app;
			};
			name = Release;
		};
/* End XCBuildConfiguration section */

/* Begin XCConfigurationList section */
		F4EECF09177C99F400778578 /* Build configuration list for PBXProject "Pass" */ = {
			isa = XCConfigurationList;
			buildConfigurations = (
				F4EECF2F177C99F400778578 /* Debug */,
				F4EECF30177C99F400778578 /* Release */,
			);
			defaultConfigurationIsVisible = 0;
			defaultConfigurationName = Release;
		};
		F4EECF31177C99F400778578 /* Build configuration list for PBXNativeTarget "Pass" */ = {
			isa = XCConfigurationList;
			buildConfigurations = (
				F4EECF32177C99F400778578 /* Debug */,
				F4EECF33177C99F400778578 /* Release */,
			);
			defaultConfigurationIsVisible = 0;
			defaultConfigurationName = Release;
		};
/* End XCConfigurationList section */
	};
	rootObject = F4EECF06177C99F400778578 /* Project object */;
}
